lockfileVersion: '6.0'

settings:
  autoInstallPeers: true
  excludeLinksFromLockfile: false

dependencies:
  helios-router:
    specifier: 0.2.0-beta.1
    version: 0.2.0-beta.1

packages:

  /helios-router@0.2.0-beta.1:
    resolution: {integrity: sha512-pzefJLTz9olvnUCHnVI755ahDZJXnl1Z/4HuyDZST+VmsiXMRzaL7TLqvR0KVOLRDUHHv7RGBCMcxTc5bhTZIQ==}
    dependencies:
      immer: 10.0.2
    dev: false

  /immer@10.0.2:
    resolution: {integrity: sha512-Rx3CqeqQ19sxUtYV9CU911Vhy8/721wRFnJv3REVGWUmoAcIwzifTsdmJte/MV+0/XpM35LZdQMBGkRIoLPwQA==}
    dev: false
